
Microsoft Visual Studio Solution File, Format Version 12.00
# Visual Studio Version 17
VisualStudioVersion = 17.8.34525.116
MinimumVisualStudioVersion = 10.0.40219.1
Project("{FAE04EC0-301F-11D3-BF4B-00C04F79EFBC}") = "ST10298850-POE-LukePetzer", "ST10298850-POE-LukePetzer\ST10298850-POE-LukePetzer.csproj", "{21562C30-5C22-4369-84CD-BC9A28EAB969}"
EndProject
Global
	GlobalSection(SolutionConfigurationPlatforms) = preSolution
		Debug|Any CPU = Debug|Any CPU
		Release|Any CPU = Release|Any CPU
	EndGlobalSection
	GlobalSection(ProjectConfigurationPlatforms) = postSolution
		{21562C30-5C22-4369-84CD-BC9A28EAB969}.Debug|Any CPU.ActiveCfg = Debug|Any CPU
		{21562C30-5C22-4369-84CD-BC9A28EAB969}.Debug|Any CPU.Build.0 = Debug|Any CPU
		{21562C30-5C22-4369-84CD-BC9A28EAB969}.Release|Any CPU.ActiveCfg = Release|Any CPU
		{21562C30-5C22-4369-84CD-BC9A28EAB969}.Release|Any CPU.Build.0 = Release|Any CPU
	EndGlobalSection
	GlobalSection(SolutionProperties) = preSolution
		HideSolutionNode = FALSE
	EndGlobalSection
	GlobalSection(ExtensibilityGlobals) = postSolution
		SolutionGuid = {527D7CFB-5A21-4395-A76F-9ACC9D7AB28F}
	EndGlobalSection
EndGlobal
